# THIS IS AN AUTOGENERATED FILE. DO NOT EDIT THIS FILE DIRECTLY.
# yarn lockfile v1


http-headers@^3.0.1:
  version "3.0.2"
  resolved "https://registry.yarnpkg.com/http-headers/-/http-headers-3.0.2.tgz#5147771292f0b39d6778d930a3a59a76fc7ef44d"
  integrity sha512-87E1I+2Wg4dxxz4rcxElo3dxO/w1ZtgL1yA0Sb6vH3qU16vRKq1NjWQv9SCY3ly2OQROcoxHZOUpmelS+k6wOw==
  dependencies:
    next-line "^1.1.0"

next-line@^1.1.0:
  version "1.1.0"
  resolved "https://registry.yarnpkg.com/next-line/-/next-line-1.1.0.tgz#fcae57853052b6a9bae8208e40dd7d3c2d304603"
  integrity sha1-/K5XhTBStqm66CCOQN19PC0wRgM=

once@^1.4.0:
  version "1.4.0"
  resolved "https://registry.yarnpkg.com/once/-/once-1.4.0.tgz#583b1aa775961d4b113ac17d9c50baef9dd76bd1"
  integrity sha1-WDsap3WWHUsROsF9nFC6753Xa9E=
  dependencies:
    wrappy "1"

request-stats@^3.0.0:
  version "3.0.0"
  resolved "https://registry.yarnpkg.com/request-stats/-/request-stats-3.0.0.tgz#769155dc8974d78d4a1cb87bbf14eaab985afe25"
  integrity sha1-dpFV3Il0141KHLh7vxTqq5ha/iU=
  dependencies:
    http-headers "^3.0.1"
    once "^1.4.0"

wrappy@1:
  version "1.0.2"
  resolved "https://registry.yarnpkg.com/wrappy/-/wrappy-1.0.2.tgz#b5243d8f3ec1aa35f1364605bc0d1036e30ab69f"
  integrity sha1-tSQ9jz7BqjXxNkYFvA0QNuMKtp8=
